schema: '2.0'
stages:
  prepare:
    cmd: python src/prepare.py
    deps:
    - path: src/prepare.py
      hash: md5
      md5: c1b594bed866a328fd3ae1db9f302ace
      size: 2603
    params:
      params.yaml:
        lang: es
        lang_mls: spanish
        n_samples: 50
    outs:
    - path: data/manifests/es/clean.jsonl
      hash: md5
      md5: 24d4facc1ec42e91a03040d97fef44f8
      size: 18892
  phonemize:
    cmd: python src/phonemize.py
    deps:
    - path: data/manifests/es/clean.jsonl
      hash: md5
      md5: 24d4facc1ec42e91a03040d97fef44f8
      size: 18892
    - path: src/phonemize.py
      hash: md5
      md5: c719856412f7b5ee3846dceab656d594
      size: 1560
    params:
      params.yaml:
        lang: es
    outs:
    - path: data/manifests/es/phonemized.jsonl
      hash: md5
      md5: 6b3fd633b4ad7ca4f6992cf5660a9df8
      size: 29584
  add_noise:
    cmd: python src/add_noise.py
    deps:
    - path: data/manifests/es/phonemized.jsonl
      hash: md5
      md5: 6b3fd633b4ad7ca4f6992cf5660a9df8
      size: 29584
    - path: src/add_noise.py
      hash: md5
      md5: bebd4be23f4e68bdac8327b7e54f4e04
      size: 2454
    params:
      params.yaml:
        lang: es
        snr_levels:
        - 0
        - 5
        - 10
        - 15
        - 20
        - 25
        - 30
        - 35
        - 40
        - 45
    outs:
    - path: data/manifests/es/noisy_snr0.jsonl
      hash: md5
      md5: 33fca9678bfaebbc631cdefb8df6e922
      size: 30034
    - path: data/manifests/es/noisy_snr10.jsonl
      hash: md5
      md5: a2a9dc2672e6540fd96edf820b5af816
      size: 30184
    - path: data/manifests/es/noisy_snr15.jsonl
      hash: md5
      md5: 2813b54632f2dc8ce8180f64850c0a0d
      size: 30184
    - path: data/manifests/es/noisy_snr20.jsonl
      hash: md5
      md5: f4a529bd8dc1b293f69b102ec9a55044
      size: 30184
    - path: data/manifests/es/noisy_snr25.jsonl
      hash: md5
      md5: 3b70bb5f4cd619b02ec3753e21818e10
      size: 30184
    - path: data/manifests/es/noisy_snr30.jsonl
      hash: md5
      md5: 5a6096ffc8b3c8f8dd779ed96e01d992
      size: 30184
    - path: data/manifests/es/noisy_snr35.jsonl
      hash: md5
      md5: da151a4bed7c919541a87c438da37022
      size: 30184
    - path: data/manifests/es/noisy_snr40.jsonl
      hash: md5
      md5: 531b6853aa2d5a314536312545874951
      size: 30184
    - path: data/manifests/es/noisy_snr45.jsonl
      hash: md5
      md5: 006f12ead03688ae8f05d76261492c9e
      size: 30184
    - path: data/manifests/es/noisy_snr5.jsonl
      hash: md5
      md5: 29e31c80abb50d221b4ee1bb0464cea0
      size: 30034
  predict:
    cmd: python src/predict.py
    deps:
    - path: data/manifests/es/noisy_snr0.jsonl
      hash: md5
      md5: 33fca9678bfaebbc631cdefb8df6e922
      size: 30034
    - path: src/predict.py
      hash: md5
      md5: 41e2ffee3f38b2bf642d84e65c3c5858
      size: 2364
    params:
      params.yaml:
        lang: es
        model_id: facebook/wav2vec2-lv-60-espeak-cv-ft
    outs:
    - path: data/manifests/es/predictions_snr0.jsonl
      hash: md5
      md5: f62da889807ee598565ddc36d15c9928
      size: 37667
    - path: data/manifests/es/predictions_snr10.jsonl
      hash: md5
      md5: 44ca346e08a7e96e36e75432c431e157
      size: 41183
    - path: data/manifests/es/predictions_snr15.jsonl
      hash: md5
      md5: 105662323d4265d359dbd9c94f488455
      size: 42201
    - path: data/manifests/es/predictions_snr20.jsonl
      hash: md5
      md5: 6412a1a2dc88ce6974e0f41aa563440d
      size: 42973
    - path: data/manifests/es/predictions_snr25.jsonl
      hash: md5
      md5: 4c8f751fa4e3de0694d1d658af52f0aa
      size: 43181
    - path: data/manifests/es/predictions_snr30.jsonl
      hash: md5
      md5: 3814092398fbd946787325a27367691d
      size: 43199
    - path: data/manifests/es/predictions_snr35.jsonl
      hash: md5
      md5: c056b5e14235498fb1eb1fdaff70aa22
      size: 43192
    - path: data/manifests/es/predictions_snr40.jsonl
      hash: md5
      md5: beaf149df443e717bd5264d31f8e3c72
      size: 43209
    - path: data/manifests/es/predictions_snr45.jsonl
      hash: md5
      md5: f7adbd14bf611a5cfdbbeaeeef8af5e3
      size: 43193
    - path: data/manifests/es/predictions_snr5.jsonl
      hash: md5
      md5: e17ceb48ad0333bceb7fbc8f4105fa4a
      size: 40254
  evaluate:
    cmd: python src/evaluate.py
    deps:
    - path: data/manifests/es/predictions_snr0.jsonl
      hash: md5
      md5: f62da889807ee598565ddc36d15c9928
      size: 37667
    - path: src/evaluate.py
      hash: md5
      md5: 76a7d80fe2b09139eafff2cf21a132f1
      size: 3286
    params:
      params.yaml:
        lang: es
        snr_levels:
        - 0
        - 5
        - 10
        - 15
        - 20
        - 25
        - 30
        - 35
        - 40
        - 45
    outs:
    - path: results/per_es.json
      hash: md5
      md5: ba66f1f22444e37d2ea9e7ac1fa8da12
      size: 171
    - path: results/per_vs_snr_all.png
      hash: md5
      md5: 463b496cbb12ecd87ffca6454659e7aa
      size: 79501
